
Microsoft Visual Studio Solution File, Format Version 12.00
# Visual Studio Version 17
VisualStudioVersion = 17.0.32014.148
MinimumVisualStudioVersion = 10.0.40219.1
Project("{9A19103F-16F7-4668-BE54-9A1E7A4F7556}") = "react-asp", "react-asp.csproj", "{862BFB79-76E4-418F-AC1F-4E809F04A71C}"
EndProject
Project("{FAE04EC0-301F-11D3-BF4B-00C04F79EFBC}") = "react-asp.tests", "..\react-asp.tests\react-asp.tests.csproj", "{D3D09B0D-A693-4975-893D-C69177C72475}"
EndProject
Global
	GlobalSection(SolutionConfigurationPlatforms) = preSolution
		Debug|Any CPU = Debug|Any CPU
		Release|Any CPU = Release|Any CPU
	EndGlobalSection
	GlobalSection(ProjectConfigurationPlatforms) = postSolution
		{862BFB79-76E4-418F-AC1F-4E809F04A71C}.Debug|Any CPU.ActiveCfg = Debug|Any CPU
		{862BFB79-76E4-418F-AC1F-4E809F04A71C}.Debug|Any CPU.Build.0 = Debug|Any CPU
		{862BFB79-76E4-418F-AC1F-4E809F04A71C}.Release|Any CPU.ActiveCfg = Release|Any CPU
		{862BFB79-76E4-418F-AC1F-4E809F04A71C}.Release|Any CPU.Build.0 = Release|Any CPU
		{D3D09B0D-A693-4975-893D-C69177C72475}.Debug|Any CPU.ActiveCfg = Debug|Any CPU
		{D3D09B0D-A693-4975-893D-C69177C72475}.Debug|Any CPU.Build.0 = Debug|Any CPU
		{D3D09B0D-A693-4975-893D-C69177C72475}.Release|Any CPU.ActiveCfg = Release|Any CPU
		{D3D09B0D-A693-4975-893D-C69177C72475}.Release|Any CPU.Build.0 = Release|Any CPU
	EndGlobalSection
	GlobalSection(SolutionProperties) = preSolution
		HideSolutionNode = FALSE
	EndGlobalSection
	GlobalSection(ExtensibilityGlobals) = postSolution
		SolutionGuid = {779883C9-10AB-47D6-9766-C2EAF04F1F2D}
	EndGlobalSection
EndGlobal
